// !$*UTF8*$!
{
	archiveVersion = 1;
	classes = {
	};
	objectVersion = 56;
	objects = {

/* Begin PBXBuildFile section */
		BD5B16A82C120E680033CEAF /* wahoo_App.swift in Sources */ = {isa = PBXBuildFile; fileRef = BD5B16A72C120E680033CEAF /* wahoo_App.swift */; };
		BD5B16AA2C120E680033CEAF /* ContentView.swift in Sources */ = {isa = PBXBuildFile; fileRef = BD5B16A92C120E680033CEAF /* ContentView.swift */; };
		BD5B16AC2C120E690033CEAF /* Assets.xcassets in Resources */ = {isa = PBXBuildFile; fileRef = BD5B16AB2C120E690033CEAF /* Assets.xcassets */; };
		BD5B16AF2C120E690033CEAF /* Preview Assets.xcassets in Resources */ = {isa = PBXBuildFile; fileRef = BD5B16AE2C120E690033CEAF /* Preview Assets.xcassets */; };
		BD5B16B92C120E690033CEAF /* wahoo_Tests.swift in Sources */ = {isa = PBXBuildFile; fileRef = BD5B16B82C120E690033CEAF /* wahoo_Tests.swift */; };
		BD5B16C32C120E690033CEAF /* wahoo_UITests.swift in Sources */ = {isa = PBXBuildFile; fileRef = BD5B16C22C120E690033CEAF /* wahoo_UITests.swift */; };
		BD5B16C52C120E690033CEAF /* wahoo_UITestsLaunchTests.swift in Sources */ = {isa = PBXBuildFile; fileRef = BD5B16C42C120E690033CEAF /* wahoo_UITestsLaunchTests.swift */; };
/* End PBXBuildFile section */

/* Begin PBXContainerItemProxy section */
		BD5B16B52C120E690033CEAF /* PBXContainerItemProxy */ = {
			isa = PBXContainerItemProxy;
			containerPortal = BD5B169C2C120E680033CEAF /* Project object */;
			proxyType = 1;
			remoteGlobalIDString = BD5B16A32C120E680033CEAF;
			remoteInfo = "wahoo!";
		};
		BD5B16BF2C120E690033CEAF /* PBXContainerItemProxy */ = {
			isa = PBXContainerItemProxy;
			containerPortal = BD5B169C2C120E680033CEAF /* Project object */;
			proxyType = 1;
			remoteGlobalIDString = BD5B16A32C120E680033CEAF;
			remoteInfo = "wahoo!";
		};
/* End PBXContainerItemProxy section */

/* Begin PBXFileReference section */
		BD5B16A42C120E680033CEAF /* wahoo!.app */ = {isa = PBXFileReference; explicitFileType = wrapper.application; includeInIndex = 0; path = "wahoo!.app"; sourceTree = BUILT_PRODUCTS_DIR; };
		BD5B16A72C120E680033CEAF /* wahoo_App.swift */ = {isa = PBXFileReference; lastKnownFileType = sourcecode.swift; path = wahoo_App.swift; sourceTree = "<group>"; };
		BD5B16A92C120E680033CEAF /* ContentView.swift */ = {isa = PBXFileReference; lastKnownFileType = sourcecode.swift; path = ContentView.swift; sourceTree = "<group>"; };
		BD5B16AB2C120E690033CEAF /* Assets.xcassets */ = {isa = PBXFileReference; lastKnownFileType = folder.assetcatalog; path = Assets.xcassets; sourceTree = "<group>"; };
		BD5B16AE2C120E690033CEAF /* Preview Assets.xcassets */ = {isa = PBXFileReference; lastKnownFileType = folder.assetcatalog; path = "Preview Assets.xcassets"; sourceTree = "<group>"; };
		BD5B16B42C120E690033CEAF /* wahoo!Tests.xctest */ = {isa = PBXFileReference; explicitFileType = wrapper.cfbundle; includeInIndex = 0; path = "wahoo!Tests.xctest"; sourceTree = BUILT_PRODUCTS_DIR; };
		BD5B16B82C120E690033CEAF /* wahoo_Tests.swift */ = {isa = PBXFileReference; lastKnownFileType = sourcecode.swift; path = wahoo_Tests.swift; sourceTree = "<group>"; };
		BD5B16BE2C120E690033CEAF /* wahoo!UITests.xctest */ = {isa = PBXFileReference; explicitFileType = wrapper.cfbundle; includeInIndex = 0; path = "wahoo!UITests.xctest"; sourceTree = BUILT_PRODUCTS_DIR; };
		BD5B16C22C120E690033CEAF /* wahoo_UITests.swift */ = {isa = PBXFileReference; lastKnownFileType = sourcecode.swift; path = wahoo_UITests.swift; sourceTree = "<group>"; };
		BD5B16C42C120E690033CEAF /* wahoo_UITestsLaunchTests.swift */ = {isa = PBXFileReference; lastKnownFileType = sourcecode.swift; path = wahoo_UITestsLaunchTests.swift; sourceTree = "<group>"; };
/* End PBXFileReference section */

/* Begin PBXFrameworksBuildPhase section */
		BD5B16A12C120E680033CEAF /* Frameworks */ = {
			isa = PBXFrameworksBuildPhase;
			buildActionMask = 2147483647;
			files = (
			);
			runOnlyForDeploymentPostprocessing = 0;
		};
		BD5B16B12C120E690033CEAF /* Frameworks */ = {
			isa = PBXFrameworksBuildPhase;
			buildActionMask = 2147483647;
			files = (
			);
			runOnlyForDeploymentPostprocessing = 0;
		};
		BD5B16BB2C120E690033CEAF /* Frameworks */ = {
			isa = PBXFrameworksBuildPhase;
			buildActionMask = 2147483647;
			files = (
			);
			runOnlyForDeploymentPostprocessing = 0;
		};
/* End PBXFrameworksBuildPhase section */

/* Begin PBXGroup section */
		BD5B169B2C120E680033CEAF = {
			isa = PBXGroup;
			children = (
				BD5B16A62C120E680033CEAF /* wahoo! */,
				BD5B16B72C120E690033CEAF /* wahoo!Tests */,
				BD5B16C12C120E690033CEAF /* wahoo!UITests */,
				BD5B16A52C120E680033CEAF /* Products */,
			);
			sourceTree = "<group>";
		};
		BD5B16A52C120E680033CEAF /* Products */ = {
			isa = PBXGroup;
			children = (
				BD5B16A42C120E680033CEAF /* wahoo!.app */,
				BD5B16B42C120E690033CEAF /* wahoo!Tests.xctest */,
				BD5B16BE2C120E690033CEAF /* wahoo!UITests.xctest */,
			);
			name = Products;
			sourceTree = "<group>";
		};
		BD5B16A62C120E680033CEAF /* wahoo! */ = {
			isa = PBXGroup;
			children = (
				BD5B16A72C120E680033CEAF /* wahoo_App.swift */,
				BD5B16A92C120E680033CEAF /* ContentView.swift */,
				BD5B16AB2C120E690033CEAF /* Assets.xcassets */,
				BD5B16AD2C120E690033CEAF /* Preview Content */,
			);
			path = "wahoo!";
			sourceTree = "<group>";
		};
		BD5B16AD2C120E690033CEAF /* Preview Content */ = {
			isa = PBXGroup;
			children = (
				BD5B16AE2C120E690033CEAF /* Preview Assets.xcassets */,
			);
			path = "Preview Content";
			sourceTree = "<group>";
		};
		BD5B16B72C120E690033CEAF /* wahoo!Tests */ = {
			isa = PBXGroup;
			children = (
				BD5B16B82C120E690033CEAF /* wahoo_Tests.swift */,
			);
			path = "wahoo!Tests";
			sourceTree = "<group>";
		};
		BD5B16C12C120E690033CEAF /* wahoo!UITests */ = {
			isa = PBXGroup;
			children = (
				BD5B16C22C120E690033CEAF /* wahoo_UITests.swift */,
				BD5B16C42C120E690033CEAF /* wahoo_UITestsLaunchTests.swift */,
			);
			path = "wahoo!UITests";
			sourceTree = "<group>";
		};
/* End PBXGroup section */

/* Begin PBXNativeTarget section */
		BD5B16A32C120E680033CEAF /* wahoo! */ = {
			isa = PBXNativeTarget;
			buildConfigurationList = BD5B16C82C120E690033CEAF /* Build configuration list for PBXNativeTarget "wahoo!" */;
			buildPhases = (
				BD5B16A02C120E680033CEAF /* Sources */,
				BD5B16A12C120E680033CEAF /* Frameworks */,
				BD5B16A22C120E680033CEAF /* Resources */,
			);
			buildRules = (
			);
			dependencies = (
			);
			name = "wahoo!";
			productName = "wahoo!";
			productReference = BD5B16A42C120E680033CEAF /* wahoo!.app */;
			productType = "com.apple.product-type.application";
		};
		BD5B16B32C120E690033CEAF /* wahoo!Tests */ = {
			isa = PBXNativeTarget;
			buildConfigurationList = BD5B16CB2C120E690033CEAF /* Build configuration list for PBXNativeTarget "wahoo!Tests" */;
			buildPhases = (
				BD5B16B02C120E690033CEAF /* Sources */,
				BD5B16B12C120E690033CEAF /* Frameworks */,
				BD5B16B22C120E690033CEAF /* Resources */,
			);
			buildRules = (
			);
			dependencies = (
				BD5B16B62C120E690033CEAF /* PBXTargetDependency */,
			);
			name = "wahoo!Tests";
			productName = "wahoo!Tests";
			productReference = BD5B16B42C120E690033CEAF /* wahoo!Tests.xctest */;
			productType = "com.apple.product-type.bundle.unit-test";
		};
		BD5B16BD2C120E690033CEAF /* wahoo!UITests */ = {
			isa = PBXNativeTarget;
			buildConfigurationList = BD5B16CE2C120E690033CEAF /* Build configuration list for PBXNativeTarget "wahoo!UITests" */;
			buildPhases = (
				BD5B16BA2C120E690033CEAF /* Sources */,
				BD5B16BB2C120E690033CEAF /* Frameworks */,
				BD5B16BC2C120E690033CEAF /* Resources */,
			);
			buildRules = (
			);
			dependencies = (
				BD5B16C02C120E690033CEAF /* PBXTargetDependency */,
			);
			name = "wahoo!UITests";
			productName = "wahoo!UITests";
			productReference = BD5B16BE2C120E690033CEAF /* wahoo!UITests.xctest */;
			productType = "com.apple.product-type.bundle.ui-testing";
		};
/* End PBXNativeTarget section */

/* Begin PBXProject section */
		BD5B169C2C120E680033CEAF /* Project object */ = {
			isa = PBXProject;
			attributes = {
				BuildIndependentTargetsInParallel = 1;
				LastSwiftUpdateCheck = 1540;
				LastUpgradeCheck = 1540;
				TargetAttributes = {
					BD5B16A32C120E680033CEAF = {
						CreatedOnToolsVersion = 15.4;
					};
					BD5B16B32C120E690033CEAF = {
						CreatedOnToolsVersion = 15.4;
						TestTargetID = BD5B16A32C120E680033CEAF;
					};
					BD5B16BD2C120E690033CEAF = {
						CreatedOnToolsVersion = 15.4;
						TestTargetID = BD5B16A32C120E680033CEAF;
					};
				};
			};
			buildConfigurationList = BD5B169F2C120E680033CEAF /* Build configuration list for PBXProject "wahoo!" */;
			compatibilityVersion = "Xcode 14.0";
			developmentRegion = en;
			hasScannedForEncodings = 0;
			knownRegions = (
				en,
				Base,
			);
			mainGroup = BD5B169B2C120E680033CEAF;
			productRefGroup = BD5B16A52C120E680033CEAF /* Products */;
			projectDirPath = "";
			projectRoot = "";
			targets = (
				BD5B16A32C120E680033CEAF /* wahoo! */,
				BD5B16B32C120E690033CEAF /* wahoo!Tests */,
				BD5B16BD2C120E690033CEAF /* wahoo!UITests */,
			);
		};
/* End PBXProject section */

/* Begin PBXResourcesBuildPhase section */
		BD5B16A22C120E680033CEAF /* Resources */ = {
			isa = PBXResourcesBuildPhase;
			buildActionMask = 2147483647;
			files = (
				BD5B16AF2C120E690033CEAF /* Preview Assets.xcassets in Resources */,
				BD5B16AC2C120E690033CEAF /* Assets.xcassets in Resources */,
			);
			runOnlyForDeploymentPostprocessing = 0;
		};
		BD5B16B22C120E690033CEAF /* Resources */ = {
			isa = PBXResourcesBuildPhase;
			buildActionMask = 2147483647;
			files = (
			);
			runOnlyForDeploymentPostprocessing = 0;
		};
		BD5B16BC2C120E690033CEAF /* Resources */ = {
			isa = PBXResourcesBuildPhase;
			buildActionMask = 2147483647;
			files = (
			);
			runOnlyForDeploymentPostprocessing = 0;
		};
/* End PBXResourcesBuildPhase section */

/* Begin PBXSourcesBuildPhase section */
		BD5B16A02C120E680033CEAF /* Sources */ = {
			isa = PBXSourcesBuildPhase;
			buildActionMask = 2147483647;
			files = (
				BD5B16AA2C120E680033CEAF /* ContentView.swift in Sources */,
				BD5B16A82C120E680033CEAF /* wahoo_App.swift in Sources */,
			);
			runOnlyForDeploymentPostprocessing = 0;
		};
		BD5B16B02C120E690033CEAF /* Sources */ = {
			isa = PBXSourcesBuildPhase;
			buildActionMask = 2147483647;
			files = (
				BD5B16B92C120E690033CEAF /* wahoo_Tests.swift in Sources */,
			);
			runOnlyForDeploymentPostprocessing = 0;
		};
		BD5B16BA2C120E690033CEAF /* Sources */ = {
			isa = PBXSourcesBuildPhase;
			buildActionMask = 2147483647;
			files = (
				BD5B16C32C120E690033CEAF /* wahoo_UITests.swift in Sources */,
				BD5B16C52C120E690033CEAF /* wahoo_UITestsLaunchTests.swift in Sources */,
			);
			runOnlyForDeploymentPostprocessing = 0;
		};
/* End PBXSourcesBuildPhase section */

/* Begin PBXTargetDependency section */
		BD5B16B62C120E690033CEAF /* PBXTargetDependency */ = {
			isa = PBXTargetDependency;
			target = BD5B16A32C120E680033CEAF /* wahoo! */;
			targetProxy = BD5B16B52C120E690033CEAF /* PBXContainerItemProxy */;
		};
		BD5B16C02C120E690033CEAF /* PBXTargetDependency */ = {
			isa = PBXTargetDependency;
			target = BD5B16A32C120E680033CEAF /* wahoo! */;
			targetProxy = BD5B16BF2C120E690033CEAF /* PBXContainerItemProxy */;
		};
/* End PBXTargetDependency section */

/* Begin XCBuildConfiguration section */
		BD5B16C62C120E690033CEAF /* Debug */ = {
			isa = XCBuildConfiguration;
			buildSettings = {
				ALWAYS_SEARCH_USER_PATHS = NO;
				ASSETCATALOG_COMPILER_GENERATE_SWIFT_ASSET_SYMBOL_EXTENSIONS = YES;
				CLANG_ANALYZER_NONNULL = YES;
				CLANG_ANALYZER_NUMBER_OBJECT_CONVERSION = YES_AGGRESSIVE;
				CLANG_CXX_LANGUAGE_STANDARD = "gnu++20";
				CLANG_ENABLE_MODULES = YES;
				CLANG_ENABLE_OBJC_ARC = YES;
				CLANG_ENABLE_OBJC_WEAK = YES;
				CLANG_WARN_BLOCK_CAPTURE_AUTORELEASING = YES;
				CLANG_WARN_BOOL_CONVERSION = YES;
				CLANG_WARN_COMMA = YES;
				CLANG_WARN_CONSTANT_CONVERSION = YES;
				CLANG_WARN_DEPRECATED_OBJC_IMPLEMENTATIONS = YES;
				CLANG_WARN_DIRECT_OBJC_ISA_USAGE = YES_ERROR;
				CLANG_WARN_DOCUMENTATION_COMMENTS = YES;
				CLANG_WARN_EMPTY_BODY = YES;
				CLANG_WARN_ENUM_CONVERSION = YES;
				CLANG_WARN_INFINITE_RECURSION = YES;
				CLANG_WARN_INT_CONVERSION = YES;
				CLANG_WARN_NON_LITERAL_NULL_CONVERSION = YES;
				CLANG_WARN_OBJC_IMPLICIT_RETAIN_SELF = YES;
				CLANG_WARN_OBJC_LITERAL_CONVERSION = YES;
				CLANG_WARN_OBJC_ROOT_CLASS = YES_ERROR;
				CLANG_WARN_QUOTED_INCLUDE_IN_FRAMEWORK_HEADER = YES;
				CLANG_WARN_RANGE_LOOP_ANALYSIS = YES;
				CLANG_WARN_STRICT_PROTOTYPES = YES;
				CLANG_WARN_SUSPICIOUS_MOVE = YES;
				CLANG_WARN_UNGUARDED_AVAILABILITY = YES_AGGRESSIVE;
				CLANG_WARN_UNREACHABLE_CODE = YES;
				CLANG_WARN__DUPLICATE_METHOD_MATCH = YES;
				COPY_PHASE_STRIP = NO;
				DEBUG_INFORMATION_FORMAT = dwarf;
				ENABLE_STRICT_OBJC_MSGSEND = YES;
				ENABLE_TESTABILITY = YES;
				ENABLE_USER_SCRIPT_SANDBOXING = YES;
				GCC_C_LANGUAGE_STANDARD = gnu17;
				GCC_DYNAMIC_NO_PIC = NO;
				GCC_NO_COMMON_BLOCKS = YES;
				GCC_OPTIMIZATION_LEVEL = 0;
				GCC_PREPROCESSOR_DEFINITIONS = (
					"DEBUG=1",
					"$(inherited)",
				);
				GCC_WARN_64_TO_32_BIT_CONVERSION = YES;
				GCC_WARN_ABOUT_RETURN_TYPE = YES_ERROR;
				GCC_WARN_UNDECLARED_SELECTOR = YES;
				GCC_WARN_UNINITIALIZED_AUTOS = YES_AGGRESSIVE;
				GCC_WARN_UNUSED_FUNCTION = YES;
				GCC_WARN_UNUSED_VARIABLE = YES;
				IPHONEOS_DEPLOYMENT_TARGET = 17.5;
				LOCALIZATION_PREFERS_STRING_CATALOGS = YES;
				MTL_ENABLE_DEBUG_INFO = INCLUDE_SOURCE;
				MTL_FAST_MATH = YES;
				ONLY_ACTIVE_ARCH = YES;
				SDKROOT = iphoneos;
				SWIFT_ACTIVE_COMPILATION_CONDITIONS = "DEBUG $(inherited)";
				SWIFT_OPTIMIZATION_LEVEL = "-Onone";
			};
			name = Debug;
		};
		BD5B16C72C120E690033CEAF /* Release */ = {
			isa = XCBuildConfiguration;
			buildSettings = {
				ALWAYS_SEARCH_USER_PATHS = NO;
				ASSETCATALOG_COMPILER_GENERATE_SWIFT_ASSET_SYMBOL_EXTENSIONS = YES;
				CLANG_ANALYZER_NONNULL = YES;
				CLANG_ANALYZER_NUMBER_OBJECT_CONVERSION = YES_AGGRESSIVE;
				CLANG_CXX_LANGUAGE_STANDARD = "gnu++20";
				CLANG_ENABLE_MODULES = YES;
				CLANG_ENABLE_OBJC_ARC = YES;
				CLANG_ENABLE_OBJC_WEAK = YES;
				CLANG_WARN_BLOCK_CAPTURE_AUTORELEASING = YES;
				CLANG_WARN_BOOL_CONVERSION = YES;
				CLANG_WARN_COMMA = YES;
				CLANG_WARN_CONSTANT_CONVERSION = YES;
				CLANG_WARN_DEPRECATED_OBJC_IMPLEMENTATIONS = YES;
				CLANG_WARN_DIRECT_OBJC_ISA_USAGE = YES_ERROR;
				CLANG_WARN_DOCUMENTATION_COMMENTS = YES;
				CLANG_WARN_EMPTY_BODY = YES;
				CLANG_WARN_ENUM_CONVERSION = YES;
				CLANG_WARN_INFINITE_RECURSION = YES;
				CLANG_WARN_INT_CONVERSION = YES;
				CLANG_WARN_NON_LITERAL_NULL_CONVERSION = YES;
				CLANG_WARN_OBJC_IMPLICIT_RETAIN_SELF = YES;
				CLANG_WARN_OBJC_LITERAL_CONVERSION = YES;
				CLANG_WARN_OBJC_ROOT_CLASS = YES_ERROR;
				CLANG_WARN_QUOTED_INCLUDE_IN_FRAMEWORK_HEADER = YES;
				CLANG_WARN_RANGE_LOOP_ANALYSIS = YES;
				CLANG_WARN_STRICT_PROTOTYPES = YES;
				CLANG_WARN_SUSPICIOUS_MOVE = YES;
				CLANG_WARN_UNGUARDED_AVAILABILITY = YES_AGGRESSIVE;
				CLANG_WARN_UNREACHABLE_CODE = YES;
				CLANG_WARN__DUPLICATE_METHOD_MATCH = YES;
				COPY_PHASE_STRIP = NO;
				DEBUG_INFORMATION_FORMAT = "dwarf-with-dsym";
				ENABLE_NS_ASSERTIONS = NO;
				ENABLE_STRICT_OBJC_MSGSEND = YES;
				ENABLE_USER_SCRIPT_SANDBOXING = YES;
				GCC_C_LANGUAGE_STANDARD = gnu17;
				GCC_NO_COMMON_BLOCKS = YES;
				GCC_WARN_64_TO_32_BIT_CONVERSION = YES;
				GCC_WARN_ABOUT_RETURN_TYPE = YES_ERROR;
				GCC_WARN_UNDECLARED_SELECTOR = YES;
				GCC_WARN_UNINITIALIZED_AUTOS = YES_AGGRESSIVE;
				GCC_WARN_UNUSED_FUNCTION = YES;
				GCC_WARN_UNUSED_VARIABLE = YES;
				IPHONEOS_DEPLOYMENT_TARGET = 17.5;
				LOCALIZATION_PREFERS_STRING_CATALOGS = YES;
				MTL_ENABLE_DEBUG_INFO = NO;
				MTL_FAST_MATH = YES;
				SDKROOT = iphoneos;
				SWIFT_COMPILATION_MODE = wholemodule;
				VALIDATE_PRODUCT = YES;
			};
			name = Release;
		};
		BD5B16C92C120E690033CEAF /* Debug */ = {
			isa = XCBuildConfiguration;
			buildSettings = {
				ASSETCATALOG_COMPILER_APPICON_NAME = AppIcon;
				ASSETCATALOG_COMPILER_GLOBAL_ACCENT_COLOR_NAME = AccentColor;
				CODE_SIGN_STYLE = Automatic;
				CURRENT_PROJECT_VERSION = 1;
				DEVELOPMENT_ASSET_PATHS = "\"wahoo!/Preview Content\"";
				ENABLE_PREVIEWS = YES;
				GENERATE_INFOPLIST_FILE = YES;
				INFOPLIST_KEY_UIApplicationSceneManifest_Generation = YES;
				INFOPLIST_KEY_UIApplicationSupportsIndirectInputEvents = YES;
				INFOPLIST_KEY_UILaunchScreen_Generation = YES;
				INFOPLIST_KEY_UISupportedInterfaceOrientations_iPad = "UIInterfaceOrientationPortrait UIInterfaceOrientationPortraitUpsideDown UIInterfaceOrientationLandscapeLeft UIInterfaceOrientationLandscapeRight";
				INFOPLIST_KEY_UISupportedInterfaceOrientations_iPhone = "UIInterfaceOrientationPortrait UIInterfaceOrientationLandscapeLeft UIInterfaceOrientationLandscapeRight";
				LD_RUNPATH_SEARCH_PATHS = (
					"$(inherited)",
					"@executable_path/Frameworks",
				);
				MARKETING_VERSION = 1.0;
				PRODUCT_BUNDLE_IDENTIFIER = "kwk.wahoo-";
				PRODUCT_NAME = "$(TARGET_NAME)";
				SWIFT_EMIT_LOC_STRINGS = YES;
				SWIFT_VERSION = 5.0;
				TARGETED_DEVICE_FAMILY = "1,2";
			};
			name = Debug;
		};
		BD5B16CA2C120E690033CEAF /* Release */ = {
			isa = XCBuildConfiguration;
			buildSettings = {
				ASSETCATALOG_COMPILER_APPICON_NAME = AppIcon;
				ASSETCATALOG_COMPILER_GLOBAL_ACCENT_COLOR_NAME = AccentColor;
				CODE_SIGN_STYLE = Automatic;
				CURRENT_PROJECT_VERSION = 1;
				DEVELOPMENT_ASSET_PATHS = "\"wahoo!/Preview Content\"";
				ENABLE_PREVIEWS = YES;
				GENERATE_INFOPLIST_FILE = YES;
				INFOPLIST_KEY_UIApplicationSceneManifest_Generation = YES;
				INFOPLIST_KEY_UIApplicationSupportsIndirectInputEvents = YES;
				INFOPLIST_KEY_UILaunchScreen_Generation = YES;
				INFOPLIST_KEY_UISupportedInterfaceOrientations_iPad = "UIInterfaceOrientationPortrait UIInterfaceOrientationPortraitUpsideDown UIInterfaceOrientationLandscapeLeft UIInterfaceOrientationLandscapeRight";
				INFOPLIST_KEY_UISupportedInterfaceOrientations_iPhone = "UIInterfaceOrientationPortrait UIInterfaceOrientationLandscapeLeft UIInterfaceOrientationLandscapeRight";
				LD_RUNPATH_SEARCH_PATHS = (
					"$(inherited)",
					"@executable_path/Frameworks",
				);
				MARKETING_VERSION = 1.0;
				PRODUCT_BUNDLE_IDENTIFIER = "kwk.wahoo-";
				PRODUCT_NAME = "$(TARGET_NAME)";
				SWIFT_EMIT_LOC_STRINGS = YES;
				SWIFT_VERSION = 5.0;
				TARGETED_DEVICE_FAMILY = "1,2";
			};
			name = Release;
		};
		BD5B16CC2C120E690033CEAF /* Debug */ = {
			isa = XCBuildConfiguration;
			buildSettings = {
				ALWAYS_EMBED_SWIFT_STANDARD_LIBRARIES = YES;
				BUNDLE_LOADER = "$(TEST_HOST)";
				CODE_SIGN_STYLE = Automatic;
				CURRENT_PROJECT_VERSION = 1;
				GENERATE_INFOPLIST_FILE = YES;
				IPHONEOS_DEPLOYMENT_TARGET = 17.5;
				MARKETING_VERSION = 1.0;
				PRODUCT_BUNDLE_IDENTIFIER = "kwk.wahoo-Tests";
				PRODUCT_NAME = "$(TARGET_NAME)";
				SWIFT_EMIT_LOC_STRINGS = NO;
				SWIFT_VERSION = 5.0;
				TARGETED_DEVICE_FAMILY = "1,2";
				TEST_HOST = "$(BUILT_PRODUCTS_DIR)/wahoo!.app/$(BUNDLE_EXECUTABLE_FOLDER_PATH)/wahoo!";
			};
			name = Debug;
		};
		BD5B16CD2C120E690033CEAF /* Release */ = {
			isa = XCBuildConfiguration;
			buildSettings = {
				ALWAYS_EMBED_SWIFT_STANDARD_LIBRARIES = YES;
				BUNDLE_LOADER = "$(TEST_HOST)";
				CODE_SIGN_STYLE = Automatic;
				CURRENT_PROJECT_VERSION = 1;
				GENERATE_INFOPLIST_FILE = YES;
				IPHONEOS_DEPLOYMENT_TARGET = 17.5;
				MARKETING_VERSION = 1.0;
				PRODUCT_BUNDLE_IDENTIFIER = "kwk.wahoo-Tests";
				PRODUCT_NAME = "$(TARGET_NAME)";
				SWIFT_EMIT_LOC_STRINGS = NO;
				SWIFT_VERSION = 5.0;
				TARGETED_DEVICE_FAMILY = "1,2";
				TEST_HOST = "$(BUILT_PRODUCTS_DIR)/wahoo!.app/$(BUNDLE_EXECUTABLE_FOLDER_PATH)/wahoo!";
			};
			name = Release;
		};
		BD5B16CF2C120E690033CEAF /* Debug */ = {
			isa = XCBuildConfiguration;
			buildSettings = {
				ALWAYS_EMBED_SWIFT_STANDARD_LIBRARIES = YES;
				CODE_SIGN_STYLE = Automatic;
				CURRENT_PROJECT_VERSION = 1;
				GENERATE_INFOPLIST_FILE = YES;
				MARKETING_VERSION = 1.0;
				PRODUCT_BUNDLE_IDENTIFIER = "kwk.wahoo-UITests";
				PRODUCT_NAME = "$(TARGET_NAME)";
				SWIFT_EMIT_LOC_STRINGS = NO;
				SWIFT_VERSION = 5.0;
				TARGETED_DEVICE_FAMILY = "1,2";
				TEST_TARGET_NAME = "wahoo!";
			};
			name = Debug;
		};
		BD5B16D02C120E690033CEAF /* Release */ = {
			isa = XCBuildConfiguration;
			buildSettings = {
				ALWAYS_EMBED_SWIFT_STANDARD_LIBRARIES = YES;
				CODE_SIGN_STYLE = Automatic;
				CURRENT_PROJECT_VERSION = 1;
				GENERATE_INFOPLIST_FILE = YES;
				MARKETING_VERSION = 1.0;
				PRODUCT_BUNDLE_IDENTIFIER = "kwk.wahoo-UITests";
				PRODUCT_NAME = "$(TARGET_NAME)";
				SWIFT_EMIT_LOC_STRINGS = NO;
				SWIFT_VERSION = 5.0;
				TARGETED_DEVICE_FAMILY = "1,2";
				TEST_TARGET_NAME = "wahoo!";
			};
			name = Release;
		};
/* End XCBuildConfiguration section */

/* Begin XCConfigurationList section */
		BD5B169F2C120E680033CEAF /* Build configuration list for PBXProject "wahoo!" */ = {
			isa = XCConfigurationList;
			buildConfigurations = (
				BD5B16C62C120E690033CEAF /* Debug */,
				BD5B16C72C120E690033CEAF /* Release */,
			);
			defaultConfigurationIsVisible = 0;
			defaultConfigurationName = Release;
		};
		BD5B16C82C120E690033CEAF /* Build configuration list for PBXNativeTarget "wahoo!" */ = {
			isa = XCConfigurationList;
			buildConfigurations = (
				BD5B16C92C120E690033CEAF /* Debug */,
				BD5B16CA2C120E690033CEAF /* Release */,
			);
			defaultConfigurationIsVisible = 0;
			defaultConfigurationName = Release;
		};
		BD5B16CB2C120E690033CEAF /* Build configuration list for PBXNativeTarget "wahoo!Tests" */ = {
			isa = XCConfigurationList;
			buildConfigurations = (
				BD5B16CC2C120E690033CEAF /* Debug */,
				BD5B16CD2C120E690033CEAF /* Release */,
			);
			defaultConfigurationIsVisible = 0;
			defaultConfigurationName = Release;
		};
		BD5B16CE2C120E690033CEAF /* Build configuration list for PBXNativeTarget "wahoo!UITests" */ = {
			isa = XCConfigurationList;
			buildConfigurations = (
				BD5B16CF2C120E690033CEAF /* Debug */,
				BD5B16D02C120E690033CEAF /* Release */,
			);
			defaultConfigurationIsVisible = 0;
			defaultConfigurationName = Release;
		};
/* End XCConfigurationList section */
	};
	rootObject = BD5B169C2C120E680033CEAF /* Project object */;
}
